Microsoft Visual Studio Solution File, Format Version 12.00
# Visual Studio Version 17
VisualStudioVersion = 17.5.2.0
MinimumVisualStudioVersion = 10.0.40219.1
Project("{FAE04EC0-301F-11D3-BF4B-00C04F79EFBC}") = "Respostas", "Respostas.csproj", "{EB7CEE67-3438-A2E8-908F-2284480DB9B0}"
EndProject
Global
	GlobalSection(SolutionConfigurationPlatforms) = preSolution
		Debug|Any CPU = Debug|Any CPU
		Release|Any CPU = Release|Any CPU
	EndGlobalSection
	GlobalSection(ProjectConfigurationPlatforms) = postSolution
		{EB7CEE67-3438-A2E8-908F-2284480DB9B0}.Debug|Any CPU.ActiveCfg = Debug|Any CPU
		{EB7CEE67-3438-A2E8-908F-2284480DB9B0}.Debug|Any CPU.Build.0 = Debug|Any CPU
		{EB7CEE67-3438-A2E8-908F-2284480DB9B0}.Release|Any CPU.ActiveCfg = Release|Any CPU
		{EB7CEE67-3438-A2E8-908F-2284480DB9B0}.Release|Any CPU.Build.0 = Release|Any CPU
	EndGlobalSection
	GlobalSection(SolutionProperties) = preSolution
		HideSolutionNode = FALSE
	EndGlobalSection
	GlobalSection(ExtensibilityGlobals) = postSolution
		SolutionGuid = {165A28BD-97C3-41C2-980B-41EB07DD80FE}
	EndGlobalSection
EndGlobal
